// !$*UTF8*$!
{
	archiveVersion = 1;
	classes = {
	};
	objectVersion = 46;
	objects = {

/* Begin PBXBuildFile section */
		96E1B2C71C239D3D002F338B /* AppDelegate.swift in Sources */ = {isa = PBXBuildFile; fileRef = 96E1B2B41C239D3D002F338B /* AppDelegate.swift */; };
		96E1B2C81C239D3D002F338B /* Assets.xcassets in Resources */ = {isa = PBXBuildFile; fileRef = 96E1B2BF1C239D3D002F338B /* Assets.xcassets */; };
		96E1B2C91C239D3D002F338B /* LaunchScreen.storyboard in Resources */ = {isa = PBXBuildFile; fileRef = 96E1B2C01C239D3D002F338B /* LaunchScreen.storyboard */; };
		96E1B2CB1C239D3D002F338B /* Info.plist in Resources */ = {isa = PBXBuildFile; fileRef = 96E1B2C41C239D3D002F338B /* Info.plist */; };
		96E1B2CD1C23B0A9002F338B /* READ.md in Sources */ = {isa = PBXBuildFile; fileRef = 96E1B2CC1C23B0A9002F338B /* READ.md */; };
		96E1B2CF1C23B0AF002F338B /* READ.md in Sources */ = {isa = PBXBuildFile; fileRef = 96E1B2CE1C23B0AF002F338B /* READ.md */; };
		96E1B2D11C23B0B5002F338B /* READ.md in Sources */ = {isa = PBXBuildFile; fileRef = 96E1B2D01C23B0B5002F338B /* READ.md */; };
		96E1B2D31C23B0BA002F338B /* READ.md in Sources */ = {isa = PBXBuildFile; fileRef = 96E1B2D21C23B0BA002F338B /* READ.md */; };
		96E1B2D51C23B0C3002F338B /* READ.md in Sources */ = {isa = PBXBuildFile; fileRef = 96E1B2D41C23B0C3002F338B /* READ.md */; };
		96E1B2D71C23B0C8002F338B /* READ.md in Sources */ = {isa = PBXBuildFile; fileRef = 96E1B2D61C23B0C8002F338B /* READ.md */; };
		96E1B2D91C23B0CD002F338B /* READ.md in Sources */ = {isa = PBXBuildFile; fileRef = 96E1B2D81C23B0CD002F338B /* READ.md */; };
		96E1B2DB1C23B0D1002F338B /* READ.md in Sources */ = {isa = PBXBuildFile; fileRef = 96E1B2DA1C23B0D1002F338B /* READ.md */; };
/* End PBXBuildFile section */

/* Begin PBXFileReference section */
		96E1B29E1C239417002F338B /* huiwen.app */ = {isa = PBXFileReference; explicitFileType = wrapper.application; includeInIndex = 0; path = huiwen.app; sourceTree = BUILT_PRODUCTS_DIR; };
		96E1B2B41C239D3D002F338B /* AppDelegate.swift */ = {isa = PBXFileReference; fileEncoding = 4; lastKnownFileType = sourcecode.swift; path = AppDelegate.swift; sourceTree = "<group>"; };
		96E1B2BF1C239D3D002F338B /* Assets.xcassets */ = {isa = PBXFileReference; lastKnownFileType = folder.assetcatalog; path = Assets.xcassets; sourceTree = "<group>"; };
		96E1B2C11C239D3D002F338B /* Base */ = {isa = PBXFileReference; lastKnownFileType = file.storyboard; name = Base; path = Base.lproj/LaunchScreen.storyboard; sourceTree = "<group>"; };
		96E1B2C41C239D3D002F338B /* Info.plist */ = {isa = PBXFileReference; fileEncoding = 4; lastKnownFileType = text.plist.xml; path = Info.plist; sourceTree = "<group>"; };
		96E1B2CC1C23B0A9002F338B /* READ.md */ = {isa = PBXFileReference; fileEncoding = 4; lastKnownFileType = net.daringfireball.markdown; path = READ.md; sourceTree = "<group>"; };
		96E1B2CE1C23B0AF002F338B /* READ.md */ = {isa = PBXFileReference; fileEncoding = 4; lastKnownFileType = net.daringfireball.markdown; path = READ.md; sourceTree = "<group>"; };
		96E1B2D01C23B0B5002F338B /* READ.md */ = {isa = PBXFileReference; fileEncoding = 4; lastKnownFileType = net.daringfireball.markdown; path = READ.md; sourceTree = "<group>"; };
		96E1B2D21C23B0BA002F338B /* READ.md */ = {isa = PBXFileReference; fileEncoding = 4; lastKnownFileType = net.daringfireball.markdown; path = READ.md; sourceTree = "<group>"; };
		96E1B2D41C23B0C3002F338B /* READ.md */ = {isa = PBXFileReference; fileEncoding = 4; lastKnownFileType = net.daringfireball.markdown; path = READ.md; sourceTree = "<group>"; };
		96E1B2D61C23B0C8002F338B /* READ.md */ = {isa = PBXFileReference; fileEncoding = 4; lastKnownFileType = net.daringfireball.markdown; path = READ.md; sourceTree = "<group>"; };
		96E1B2D81C23B0CD002F338B /* READ.md */ = {isa = PBXFileReference; fileEncoding = 4; lastKnownFileType = net.daringfireball.markdown; path = READ.md; sourceTree = "<group>"; };
		96E1B2DA1C23B0D1002F338B /* READ.md */ = {isa = PBXFileReference; fileEncoding = 4; lastKnownFileType = net.daringfireball.markdown; path = READ.md; sourceTree = "<group>"; };
/* End PBXFileReference section */

/* Begin PBXFrameworksBuildPhase section */
		96E1B29B1C239417002F338B /* Frameworks */ = {
			isa = PBXFrameworksBuildPhase;
			buildActionMask = 2147483647;
			files = (
			);
			runOnlyForDeploymentPostprocessing = 0;
		};
/* End PBXFrameworksBuildPhase section */

/* Begin PBXGroup section */
		96E1B2951C239417002F338B = {
			isa = PBXGroup;
			children = (
				96E1B2A01C239417002F338B /* huiwen */,
				96E1B29F1C239417002F338B /* Products */,
			);
			sourceTree = "<group>";
		};
		96E1B29F1C239417002F338B /* Products */ = {
			isa = PBXGroup;
			children = (
				96E1B29E1C239417002F338B /* huiwen.app */,
			);
			name = Products;
			sourceTree = "<group>";
		};
		96E1B2A01C239417002F338B /* huiwen */ = {
			isa = PBXGroup;
			children = (
				96E1B2B31C239D3D002F338B /* AppDelegate */,
				96E1B2B51C239D3D002F338B /* General */,
				96E1B2B61C239D3D002F338B /* Helpers */,
				96E1B2B71C239D3D002F338B /* Macro */,
				96E1B2B81C239D3D002F338B /* Models */,
				96E1B2BE1C239D3D002F338B /* Resources */,
				96E1B2C51C239D3D002F338B /* Sections */,
				96E1B2C61C239D3D002F338B /* Vendors */,
			);
			path = huiwen;
			sourceTree = "<group>";
		};
		96E1B2B31C239D3D002F338B /* AppDelegate */ = {
			isa = PBXGroup;
			children = (
				96E1B2CC1C23B0A9002F338B /* READ.md */,
				96E1B2B41C239D3D002F338B /* AppDelegate.swift */,
			);
			path = AppDelegate;
			sourceTree = "<group>";
		};
		96E1B2B51C239D3D002F338B /* General */ = {
			isa = PBXGroup;
			children = (
				96E1B2CE1C23B0AF002F338B /* READ.md */,
			);
			path = General;
			sourceTree = "<group>";
		};
		96E1B2B61C239D3D002F338B /* Helpers */ = {
			isa = PBXGroup;
			children = (
				96E1B2D01C23B0B5002F338B /* READ.md */,
			);
			path = Helpers;
			sourceTree = "<group>";
		};
		96E1B2B71C239D3D002F338B /* Macro */ = {
			isa = PBXGroup;
			children = (
				96E1B2D21C23B0BA002F338B /* READ.md */,
			);
			path = Macro;
			sourceTree = "<group>";
		};
		96E1B2B81C239D3D002F338B /* Models */ = {
			isa = PBXGroup;
			children = (
				96E1B2D41C23B0C3002F338B /* READ.md */,
				96E1B2B91C239D3D002F338B /* Game */,
				96E1B2BA1C239D3D002F338B /* Library */,
				96E1B2BB1C239D3D002F338B /* Push */,
				96E1B2BC1C239D3D002F338B /* Share */,
				96E1B2BD1C239D3D002F338B /* User */,
			);
			path = Models;
			sourceTree = "<group>";
		};
		96E1B2B91C239D3D002F338B /* Game */ = {
			isa = PBXGroup;
			children = (
			);
			path = Game;
			sourceTree = "<group>";
		};
		96E1B2BA1C239D3D002F338B /* Library */ = {
			isa = PBXGroup;
			children = (
			);
			path = Library;
			sourceTree = "<group>";
		};
		96E1B2BB1C239D3D002F338B /* Push */ = {
			isa = PBXGroup;
			children = (
			);
			path = Push;
			sourceTree = "<group>";
		};
		96E1B2BC1C239D3D002F338B /* Share */ = {
			isa = PBXGroup;
			children = (
			);
			path = Share;
			sourceTree = "<group>";
		};
		96E1B2BD1C239D3D002F338B /* User */ = {
			isa = PBXGroup;
			children = (
			);
			path = User;
			sourceTree = "<group>";
		};
		96E1B2BE1C239D3D002F338B /* Resources */ = {
			isa = PBXGroup;
			children = (
				96E1B2D61C23B0C8002F338B /* READ.md */,
				96E1B2BF1C239D3D002F338B /* Assets.xcassets */,
				96E1B2C01C239D3D002F338B /* LaunchScreen.storyboard */,
				96E1B2C41C239D3D002F338B /* Info.plist */,
			);
			path = Resources;
			sourceTree = "<group>";
		};
		96E1B2C51C239D3D002F338B /* Sections */ = {
			isa = PBXGroup;
			children = (
				96E1B2D81C23B0CD002F338B /* READ.md */,
			);
			path = Sections;
			sourceTree = "<group>";
		};
		96E1B2C61C239D3D002F338B /* Vendors */ = {
			isa = PBXGroup;
			children = (
				96E1B2DA1C23B0D1002F338B /* READ.md */,
			);
			path = Vendors;
			sourceTree = "<group>";
		};
/* End PBXGroup section */

/* Begin PBXNativeTarget section */
		96E1B29D1C239417002F338B /* huiwen */ = {
			isa = PBXNativeTarget;
			buildConfigurationList = 96E1B2B01C239417002F338B /* Build configuration list for PBXNativeTarget "huiwen" */;
			buildPhases = (
				96E1B29A1C239417002F338B /* Sources */,
				96E1B29B1C239417002F338B /* Frameworks */,
				96E1B29C1C239417002F338B /* Resources */,
			);
			buildRules = (
			);
			dependencies = (
			);
			name = huiwen;
			productName = huiwen;
			productReference = 96E1B29E1C239417002F338B /* huiwen.app */;
			productType = "com.apple.product-type.application";
		};
/* End PBXNativeTarget section */

/* Begin PBXProject section */
		96E1B2961C239417002F338B /* Project object */ = {
			isa = PBXProject;
			attributes = {
				LastSwiftUpdateCheck = 0710;
				LastUpgradeCheck = 0710;
				ORGANIZATIONNAME = hou;
				TargetAttributes = {
					96E1B29D1C239417002F338B = {
						CreatedOnToolsVersion = 7.1.1;
					};
				};
			};
			buildConfigurationList = 96E1B2991C239417002F338B /* Build configuration list for PBXProject "huiwen" */;
			compatibilityVersion = "Xcode 3.2";
			developmentRegion = English;
			hasScannedForEncodings = 0;
			knownRegions = (
				en,
				Base,
			);
			mainGroup = 96E1B2951C239417002F338B;
			productRefGroup = 96E1B29F1C239417002F338B /* Products */;
			projectDirPath = "";
			projectRoot = "";
			targets = (
				96E1B29D1C239417002F338B /* huiwen */,
			);
		};
/* End PBXProject section */

/* Begin PBXResourcesBuildPhase section */
		96E1B29C1C239417002F338B /* Resources */ = {
			isa = PBXResourcesBuildPhase;
			buildActionMask = 2147483647;
			files = (
				96E1B2CB1C239D3D002F338B /* Info.plist in Resources */,
				96E1B2C81C239D3D002F338B /* Assets.xcassets in Resources */,
				96E1B2C91C239D3D002F338B /* LaunchScreen.storyboard in Resources */,
			);
			runOnlyForDeploymentPostprocessing = 0;
		};
/* End PBXResourcesBuildPhase section */

/* Begin PBXSourcesBuildPhase section */
		96E1B29A1C239417002F338B /* Sources */ = {
			isa = PBXSourcesBuildPhase;
			buildActionMask = 2147483647;
			files = (
				96E1B2D51C23B0C3002F338B /* READ.md in Sources */,
				96E1B2CF1C23B0AF002F338B /* READ.md in Sources */,
				96E1B2D91C23B0CD002F338B /* READ.md in Sources */,
				96E1B2CD1C23B0A9002F338B /* READ.md in Sources */,
				96E1B2D11C23B0B5002F338B /* READ.md in Sources */,
				96E1B2D31C23B0BA002F338B /* READ.md in Sources */,
				96E1B2DB1C23B0D1002F338B /* READ.md in Sources */,
				96E1B2D71C23B0C8002F338B /* READ.md in Sources */,
				96E1B2C71C239D3D002F338B /* AppDelegate.swift in Sources */,
			);
			runOnlyForDeploymentPostprocessing = 0;
		};
/* End PBXSourcesBuildPhase section */

/* Begin PBXVariantGroup section */
		96E1B2C01C239D3D002F338B /* LaunchScreen.storyboard */ = {
			isa = PBXVariantGroup;
			children = (
				96E1B2C11C239D3D002F338B /* Base */,
			);
			name = LaunchScreen.storyboard;
			sourceTree = "<group>";
		};
/* End PBXVariantGroup section */

/* Begin XCBuildConfiguration section */
		96E1B2AE1C239417002F338B /* Debug */ = {
			isa = XCBuildConfiguration;
			buildSettings = {
				ALWAYS_SEARCH_USER_PATHS = NO;
				CLANG_CXX_LANGUAGE_STANDARD = "gnu++0x";
				CLANG_CXX_LIBRARY = "libc++";
				CLANG_ENABLE_MODULES = YES;
				CLANG_ENABLE_OBJC_ARC = YES;
				CLANG_WARN_BOOL_CONVERSION = YES;
				CLANG_WARN_CONSTANT_CONVERSION = YES;
				CLANG_WARN_DIRECT_OBJC_ISA_USAGE = YES_ERROR;
				CLANG_WARN_EMPTY_BODY = YES;
				CLANG_WARN_ENUM_CONVERSION = YES;
				CLANG_WARN_INT_CONVERSION = YES;
				CLANG_WARN_OBJC_ROOT_CLASS = YES_ERROR;
				CLANG_WARN_UNREACHABLE_CODE = YES;
				CLANG_WARN__DUPLICATE_METHOD_MATCH = YES;
				"CODE_SIGN_IDENTITY[sdk=iphoneos*]" = "iPhone Developer";
				COPY_PHASE_STRIP = NO;
				DEBUG_INFORMATION_FORMAT = dwarf;
				ENABLE_STRICT_OBJC_MSGSEND = YES;
				ENABLE_TESTABILITY = YES;
				GCC_C_LANGUAGE_STANDARD = gnu99;
				GCC_DYNAMIC_NO_PIC = NO;
				GCC_NO_COMMON_BLOCKS = YES;
				GCC_OPTIMIZATION_LEVEL = 0;
				GCC_PREPROCESSOR_DEFINITIONS = (
					"DEBUG=1",
					"$(inherited)",
				);
				GCC_WARN_64_TO_32_BIT_CONVERSION = YES;
				GCC_WARN_ABOUT_RETURN_TYPE = YES_ERROR;
				GCC_WARN_UNDECLARED_SELECTOR = YES;
				GCC_WARN_UNINITIALIZED_AUTOS = YES_AGGRESSIVE;
				GCC_WARN_UNUSED_FUNCTION = YES;
				GCC_WARN_UNUSED_VARIABLE = YES;
				IPHONEOS_DEPLOYMENT_TARGET = 9.1;
				MTL_ENABLE_DEBUG_INFO = YES;
				ONLY_ACTIVE_ARCH = YES;
				SDKROOT = iphoneos;
				SWIFT_OPTIMIZATION_LEVEL = "-Onone";
			};
			name = Debug;
		};
		96E1B2AF1C239417002F338B /* Release */ = {
			isa = XCBuildConfiguration;
			buildSettings = {
				ALWAYS_SEARCH_USER_PATHS = NO;
				CLANG_CXX_LANGUAGE_STANDARD = "gnu++0x";
				CLANG_CXX_LIBRARY = "libc++";
				CLANG_ENABLE_MODULES = YES;
				CLANG_ENABLE_OBJC_ARC = YES;
				CLANG_WARN_BOOL_CONVERSION = YES;
				CLANG_WARN_CONSTANT_CONVERSION = YES;
				CLANG_WARN_DIRECT_OBJC_ISA_USAGE = YES_ERROR;
				CLANG_WARN_EMPTY_BODY = YES;
				CLANG_WARN_ENUM_CONVERSION = YES;
				CLANG_WARN_INT_CONVERSION = YES;
				CLANG_WARN_OBJC_ROOT_CLASS = YES_ERROR;
				CLANG_WARN_UNREACHABLE_CODE = YES;
				CLANG_WARN__DUPLICATE_METHOD_MATCH = YES;
				"CODE_SIGN_IDENTITY[sdk=iphoneos*]" = "iPhone Developer";
				COPY_PHASE_STRIP = NO;
				DEBUG_INFORMATION_FORMAT = "dwarf-with-dsym";
				ENABLE_NS_ASSERTIONS = NO;
				ENABLE_STRICT_OBJC_MSGSEND = YES;
				GCC_C_LANGUAGE_STANDARD = gnu99;
				GCC_NO_COMMON_BLOCKS = YES;
				GCC_WARN_64_TO_32_BIT_CONVERSION = YES;
				GCC_WARN_ABOUT_RETURN_TYPE = YES_ERROR;
				GCC_WARN_UNDECLARED_SELECTOR = YES;
				GCC_WARN_UNINITIALIZED_AUTOS = YES_AGGRESSIVE;
				GCC_WARN_UNUSED_FUNCTION = YES;
				GCC_WARN_UNUSED_VARIABLE = YES;
				IPHONEOS_DEPLOYMENT_TARGET = 9.1;
				MTL_ENABLE_DEBUG_INFO = NO;
				SDKROOT = iphoneos;
				VALIDATE_PRODUCT = YES;
			};
			name = Release;
		};
		96E1B2B11C239417002F338B /* Debug */ = {
			isa = XCBuildConfiguration;
			buildSettings = {
				ASSETCATALOG_COMPILER_APPICON_NAME = AppIcon;
				INFOPLIST_FILE = huiwen/Resources/Info.plist;
				LD_RUNPATH_SEARCH_PATHS = "$(inherited) @executable_path/Frameworks";
				PRODUCT_BUNDLE_IDENTIFIER = com.hou.huiwen;
				PRODUCT_NAME = "$(TARGET_NAME)";
			};
			name = Debug;
		};
		96E1B2B21C239417002F338B /* Release */ = {
			isa = XCBuildConfiguration;
			buildSettings = {
				ASSETCATALOG_COMPILER_APPICON_NAME = AppIcon;
				INFOPLIST_FILE = huiwen/Resources/Info.plist;
				LD_RUNPATH_SEARCH_PATHS = "$(inherited) @executable_path/Frameworks";
				PRODUCT_BUNDLE_IDENTIFIER = com.hou.huiwen;
				PRODUCT_NAME = "$(TARGET_NAME)";
			};
			name = Release;
		};
/* End XCBuildConfiguration section */

/* Begin XCConfigurationList section */
		96E1B2991C239417002F338B /* Build configuration list for PBXProject "huiwen" */ = {
			isa = XCConfigurationList;
			buildConfigurations = (
				96E1B2AE1C239417002F338B /* Debug */,
				96E1B2AF1C239417002F338B /* Release */,
			);
			defaultConfigurationIsVisible = 0;
			defaultConfigurationName = Release;
		};
		96E1B2B01C239417002F338B /* Build configuration list for PBXNativeTarget "huiwen" */ = {
			isa = XCConfigurationList;
			buildConfigurations = (
				96E1B2B11C239417002F338B /* Debug */,
				96E1B2B21C239417002F338B /* Release */,
			);
			defaultConfigurationIsVisible = 0;
			defaultConfigurationName = Release;
		};
/* End XCConfigurationList section */
	};
	rootObject = 96E1B2961C239417002F338B /* Project object */;
}
